
Microsoft Visual Studio Solution File, Format Version 12.00
# Visual Studio 15
VisualStudioVersion = 15.0.26730.10
MinimumVisualStudioVersion = 10.0.40219.1
Project("{FAE04EC0-301F-11D3-BF4B-00C04F79EFBC}") = "MVM.ProcessEngine.TO", "MVM.ProcessEngine.TO\MVM.ProcessEngine.TO.csproj", "{96ED32CB-4EC9-451C-ACBF-0BF7F498B504}"
EndProject
Project("{2150E333-8FDC-42A3-9474-1A3956D46DE8}") = "Common", "Common", "{FEAFCE06-C4F6-4974-92C3-442F238D5F6E}"
EndProject
Project("{2150E333-8FDC-42A3-9474-1A3956D46DE8}") = "Model", "Model", "{C546DFE8-29B7-45C6-AAC2-FD8AC04869FA}"
EndProject
Project("{FAE04EC0-301F-11D3-BF4B-00C04F79EFBC}") = "MVM.ProcessEngine.Common", "MVM.ProcessEngine.Common\MVM.ProcessEngine.Common.csproj", "{EE8BEC63-92CC-49A1-B707-7BA551F54A17}"
EndProject
Project("{FAE04EC0-301F-11D3-BF4B-00C04F79EFBC}") = "MVM.ProcessEngine.Core", "MVM.ProcessEngine.Core\MVM.ProcessEngine.Core.csproj", "{1C15F8E6-0614-4ABC-BE5C-55F6BDE76136}"
EndProject
Project("{FAE04EC0-301F-11D3-BF4B-00C04F79EFBC}") = "MVM.ProcessEngine.Interfaces", "MVM.ProcessEngine.Interfaces\MVM.ProcessEngine.Interfaces.csproj", "{663924B1-A4E5-4407-BFFE-D6DB3CEF2BC0}"
EndProject
Project("{FAE04EC0-301F-11D3-BF4B-00C04F79EFBC}") = "MVM.ProcessEngine.Plugin", "MVM.ProcessEngine.Plugin\MVM.ProcessEngine.Plugin.csproj", "{373DCE9C-C5D1-41BF-BBB2-A237EAB2D6B1}"
EndProject
Project("{2150E333-8FDC-42A3-9474-1A3956D46DE8}") = "Azure", "Azure", "{874377ED-245B-4D7E-BD1D-0643474FA1BA}"
	ProjectSection(SolutionItems) = preProject
		..\..\..\..\Users\david.alvarez\Desktop\CopyDLLAzureFuncPE.bat = ..\..\..\..\Users\david.alvarez\Desktop\CopyDLLAzureFuncPE.bat
	EndProjectSection
EndProject
Project("{FAE04EC0-301F-11D3-BF4B-00C04F79EFBC}") = "MVM.ProcessEngine", "MVM.ProcessEngine\MVM.ProcessEngine.csproj", "{BBB17950-0E85-4EC0-89A0-FF9D646634F4}"
EndProject
Project("{FAE04EC0-301F-11D3-BF4B-00C04F79EFBC}") = "MVM.ProcessEngine.TestConsole", "MVM.ProcessEngine.TestConsole\MVM.ProcessEngine.TestConsole.csproj", "{9588A76E-8D03-4FAD-84D1-A2971F8CF0FF}"
EndProject
Project("{2150E333-8FDC-42A3-9474-1A3956D46DE8}") = "Test", "Test", "{28F9570F-FA4E-485E-94B3-EBB148C1B4D7}"
EndProject
Project("{FAE04EC0-301F-11D3-BF4B-00C04F79EFBC}") = "MVM.ProcessEngine.Extension", "MVM.ProcessEngine.Extension\MVM.ProcessEngine.Extension.csproj", "{FBD1EB97-9AEB-4A1D-9C81-D731EEC7F417}"
EndProject
Project("{FAE04EC0-301F-11D3-BF4B-00C04F79EFBC}") = "PopulateVariablesTest", "PopulateVariablesTest\PopulateVariablesTest.csproj", "{B7B7D6E1-5CEB-4FDA-96BE-9DE29E960112}"
EndProject
Project("{FAE04EC0-301F-11D3-BF4B-00C04F79EFBC}") = "MVM.ProcessEngine.Test", "MVM.ProcessEngine.Test\MVM.ProcessEngine.Test.csproj", "{53E6A211-9D65-4464-AE03-86F268E25F03}"
EndProject
Project("{9A19103F-16F7-4668-BE54-9A1E7A4F7556}") = "MVM.ProcessEngine.AzureFunctions", "MVM.ProcessEngine.AzureFunctions\MVM.ProcessEngine.AzureFunctions.csproj", "{3B8BB6A3-E9B9-45A2-9038-626E9419AA6D}"
EndProject
Global
	GlobalSection(SolutionConfigurationPlatforms) = preSolution
		Debug|Any CPU = Debug|Any CPU
		Debug|ARM = Debug|ARM
		Debug|x64 = Debug|x64
		Debug|x86 = Debug|x86
		Release|Any CPU = Release|Any CPU
		Release|ARM = Release|ARM
		Release|x64 = Release|x64
		Release|x86 = Release|x86
	EndGlobalSection
	GlobalSection(ProjectConfigurationPlatforms) = postSolution
		{96ED32CB-4EC9-451C-ACBF-0BF7F498B504}.Debug|Any CPU.ActiveCfg = Debug|Any CPU
		{96ED32CB-4EC9-451C-ACBF-0BF7F498B504}.Debug|Any CPU.Build.0 = Debug|Any CPU
		{96ED32CB-4EC9-451C-ACBF-0BF7F498B504}.Debug|ARM.ActiveCfg = Debug|Any CPU
		{96ED32CB-4EC9-451C-ACBF-0BF7F498B504}.Debug|ARM.Build.0 = Debug|Any CPU
		{96ED32CB-4EC9-451C-ACBF-0BF7F498B504}.Debug|x64.ActiveCfg = Debug|Any CPU
		{96ED32CB-4EC9-451C-ACBF-0BF7F498B504}.Debug|x64.Build.0 = Debug|Any CPU
		{96ED32CB-4EC9-451C-ACBF-0BF7F498B504}.Debug|x86.ActiveCfg = Debug|Any CPU
		{96ED32CB-4EC9-451C-ACBF-0BF7F498B504}.Debug|x86.Build.0 = Debug|Any CPU
		{96ED32CB-4EC9-451C-ACBF-0BF7F498B504}.Release|Any CPU.ActiveCfg = Release|Any CPU
		{96ED32CB-4EC9-451C-ACBF-0BF7F498B504}.Release|Any CPU.Build.0 = Release|Any CPU
		{96ED32CB-4EC9-451C-ACBF-0BF7F498B504}.Release|ARM.ActiveCfg = Release|Any CPU
		{96ED32CB-4EC9-451C-ACBF-0BF7F498B504}.Release|ARM.Build.0 = Release|Any CPU
		{96ED32CB-4EC9-451C-ACBF-0BF7F498B504}.Release|x64.ActiveCfg = Release|Any CPU
		{96ED32CB-4EC9-451C-ACBF-0BF7F498B504}.Release|x64.Build.0 = Release|Any CPU
		{96ED32CB-4EC9-451C-ACBF-0BF7F498B504}.Release|x86.ActiveCfg = Release|Any CPU
		{96ED32CB-4EC9-451C-ACBF-0BF7F498B504}.Release|x86.Build.0 = Release|Any CPU
		{EE8BEC63-92CC-49A1-B707-7BA551F54A17}.Debug|Any CPU.ActiveCfg = Debug|Any CPU
		{EE8BEC63-92CC-49A1-B707-7BA551F54A17}.Debug|Any CPU.Build.0 = Debug|Any CPU
		{EE8BEC63-92CC-49A1-B707-7BA551F54A17}.Debug|ARM.ActiveCfg = Debug|Any CPU
		{EE8BEC63-92CC-49A1-B707-7BA551F54A17}.Debug|ARM.Build.0 = Debug|Any CPU
		{EE8BEC63-92CC-49A1-B707-7BA551F54A17}.Debug|x64.ActiveCfg = Debug|Any CPU
		{EE8BEC63-92CC-49A1-B707-7BA551F54A17}.Debug|x64.Build.0 = Debug|Any CPU
		{EE8BEC63-92CC-49A1-B707-7BA551F54A17}.Debug|x86.ActiveCfg = Debug|Any CPU
		{EE8BEC63-92CC-49A1-B707-7BA551F54A17}.Debug|x86.Build.0 = Debug|Any CPU
		{EE8BEC63-92CC-49A1-B707-7BA551F54A17}.Release|Any CPU.ActiveCfg = Release|Any CPU
		{EE8BEC63-92CC-49A1-B707-7BA551F54A17}.Release|Any CPU.Build.0 = Release|Any CPU
		{EE8BEC63-92CC-49A1-B707-7BA551F54A17}.Release|ARM.ActiveCfg = Release|Any CPU
		{EE8BEC63-92CC-49A1-B707-7BA551F54A17}.Release|ARM.Build.0 = Release|Any CPU
		{EE8BEC63-92CC-49A1-B707-7BA551F54A17}.Release|x64.ActiveCfg = Release|Any CPU
		{EE8BEC63-92CC-49A1-B707-7BA551F54A17}.Release|x64.Build.0 = Release|Any CPU
		{EE8BEC63-92CC-49A1-B707-7BA551F54A17}.Release|x86.ActiveCfg = Release|Any CPU
		{EE8BEC63-92CC-49A1-B707-7BA551F54A17}.Release|x86.Build.0 = Release|Any CPU
		{1C15F8E6-0614-4ABC-BE5C-55F6BDE76136}.Debug|Any CPU.ActiveCfg = Debug|Any CPU
		{1C15F8E6-0614-4ABC-BE5C-55F6BDE76136}.Debug|Any CPU.Build.0 = Debug|Any CPU
		{1C15F8E6-0614-4ABC-BE5C-55F6BDE76136}.Debug|ARM.ActiveCfg = Debug|Any CPU
		{1C15F8E6-0614-4ABC-BE5C-55F6BDE76136}.Debug|ARM.Build.0 = Debug|Any CPU
		{1C15F8E6-0614-4ABC-BE5C-55F6BDE76136}.Debug|x64.ActiveCfg = Debug|Any CPU
		{1C15F8E6-0614-4ABC-BE5C-55F6BDE76136}.Debug|x64.Build.0 = Debug|Any CPU
		{1C15F8E6-0614-4ABC-BE5C-55F6BDE76136}.Debug|x86.ActiveCfg = Debug|Any CPU
		{1C15F8E6-0614-4ABC-BE5C-55F6BDE76136}.Debug|x86.Build.0 = Debug|Any CPU
		{1C15F8E6-0614-4ABC-BE5C-55F6BDE76136}.Release|Any CPU.ActiveCfg = Release|Any CPU
		{1C15F8E6-0614-4ABC-BE5C-55F6BDE76136}.Release|Any CPU.Build.0 = Release|Any CPU
		{1C15F8E6-0614-4ABC-BE5C-55F6BDE76136}.Release|ARM.ActiveCfg = Release|Any CPU
		{1C15F8E6-0614-4ABC-BE5C-55F6BDE76136}.Release|ARM.Build.0 = Release|Any CPU
		{1C15F8E6-0614-4ABC-BE5C-55F6BDE76136}.Release|x64.ActiveCfg = Release|Any CPU
		{1C15F8E6-0614-4ABC-BE5C-55F6BDE76136}.Release|x64.Build.0 = Release|Any CPU
		{1C15F8E6-0614-4ABC-BE5C-55F6BDE76136}.Release|x86.ActiveCfg = Release|Any CPU
		{1C15F8E6-0614-4ABC-BE5C-55F6BDE76136}.Release|x86.Build.0 = Release|Any CPU
		{663924B1-A4E5-4407-BFFE-D6DB3CEF2BC0}.Debug|Any CPU.ActiveCfg = Debug|Any CPU
		{663924B1-A4E5-4407-BFFE-D6DB3CEF2BC0}.Debug|Any CPU.Build.0 = Debug|Any CPU
		{663924B1-A4E5-4407-BFFE-D6DB3CEF2BC0}.Debug|ARM.ActiveCfg = Debug|Any CPU
		{663924B1-A4E5-4407-BFFE-D6DB3CEF2BC0}.Debug|ARM.Build.0 = Debug|Any CPU
		{663924B1-A4E5-4407-BFFE-D6DB3CEF2BC0}.Debug|x64.ActiveCfg = Debug|Any CPU
		{663924B1-A4E5-4407-BFFE-D6DB3CEF2BC0}.Debug|x64.Build.0 = Debug|Any CPU
		{663924B1-A4E5-4407-BFFE-D6DB3CEF2BC0}.Debug|x86.ActiveCfg = Debug|Any CPU
		{663924B1-A4E5-4407-BFFE-D6DB3CEF2BC0}.Debug|x86.Build.0 = Debug|Any CPU
		{663924B1-A4E5-4407-BFFE-D6DB3CEF2BC0}.Release|Any CPU.ActiveCfg = Release|Any CPU
		{663924B1-A4E5-4407-BFFE-D6DB3CEF2BC0}.Release|Any CPU.Build.0 = Release|Any CPU
		{663924B1-A4E5-4407-BFFE-D6DB3CEF2BC0}.Release|ARM.ActiveCfg = Release|Any CPU
		{663924B1-A4E5-4407-BFFE-D6DB3CEF2BC0}.Release|ARM.Build.0 = Release|Any CPU
		{663924B1-A4E5-4407-BFFE-D6DB3CEF2BC0}.Release|x64.ActiveCfg = Release|Any CPU
		{663924B1-A4E5-4407-BFFE-D6DB3CEF2BC0}.Release|x64.Build.0 = Release|Any CPU
		{663924B1-A4E5-4407-BFFE-D6DB3CEF2BC0}.Release|x86.ActiveCfg = Release|Any CPU
		{663924B1-A4E5-4407-BFFE-D6DB3CEF2BC0}.Release|x86.Build.0 = Release|Any CPU
		{373DCE9C-C5D1-41BF-BBB2-A237EAB2D6B1}.Debug|Any CPU.ActiveCfg = Debug|Any CPU
		{373DCE9C-C5D1-41BF-BBB2-A237EAB2D6B1}.Debug|Any CPU.Build.0 = Debug|Any CPU
		{373DCE9C-C5D1-41BF-BBB2-A237EAB2D6B1}.Debug|ARM.ActiveCfg = Debug|Any CPU
		{373DCE9C-C5D1-41BF-BBB2-A237EAB2D6B1}.Debug|ARM.Build.0 = Debug|Any CPU
		{373DCE9C-C5D1-41BF-BBB2-A237EAB2D6B1}.Debug|x64.ActiveCfg = Debug|Any CPU
		{373DCE9C-C5D1-41BF-BBB2-A237EAB2D6B1}.Debug|x64.Build.0 = Debug|Any CPU
		{373DCE9C-C5D1-41BF-BBB2-A237EAB2D6B1}.Debug|x86.ActiveCfg = Debug|Any CPU
		{373DCE9C-C5D1-41BF-BBB2-A237EAB2D6B1}.Debug|x86.Build.0 = Debug|Any CPU
		{373DCE9C-C5D1-41BF-BBB2-A237EAB2D6B1}.Release|Any CPU.ActiveCfg = Release|Any CPU
		{373DCE9C-C5D1-41BF-BBB2-A237EAB2D6B1}.Release|Any CPU.Build.0 = Release|Any CPU
		{373DCE9C-C5D1-41BF-BBB2-A237EAB2D6B1}.Release|ARM.ActiveCfg = Release|Any CPU
		{373DCE9C-C5D1-41BF-BBB2-A237EAB2D6B1}.Release|ARM.Build.0 = Release|Any CPU
		{373DCE9C-C5D1-41BF-BBB2-A237EAB2D6B1}.Release|x64.ActiveCfg = Release|Any CPU
		{373DCE9C-C5D1-41BF-BBB2-A237EAB2D6B1}.Release|x64.Build.0 = Release|Any CPU
		{373DCE9C-C5D1-41BF-BBB2-A237EAB2D6B1}.Release|x86.ActiveCfg = Release|Any CPU
		{373DCE9C-C5D1-41BF-BBB2-A237EAB2D6B1}.Release|x86.Build.0 = Release|Any CPU
		{BBB17950-0E85-4EC0-89A0-FF9D646634F4}.Debug|Any CPU.ActiveCfg = Debug|Any CPU
		{BBB17950-0E85-4EC0-89A0-FF9D646634F4}.Debug|Any CPU.Build.0 = Debug|Any CPU
		{BBB17950-0E85-4EC0-89A0-FF9D646634F4}.Debug|ARM.ActiveCfg = Debug|Any CPU
		{BBB17950-0E85-4EC0-89A0-FF9D646634F4}.Debug|ARM.Build.0 = Debug|Any CPU
		{BBB17950-0E85-4EC0-89A0-FF9D646634F4}.Debug|x64.ActiveCfg = Debug|Any CPU
		{BBB17950-0E85-4EC0-89A0-FF9D646634F4}.Debug|x64.Build.0 = Debug|Any CPU
		{BBB17950-0E85-4EC0-89A0-FF9D646634F4}.Debug|x86.ActiveCfg = Debug|Any CPU
		{BBB17950-0E85-4EC0-89A0-FF9D646634F4}.Debug|x86.Build.0 = Debug|Any CPU
		{BBB17950-0E85-4EC0-89A0-FF9D646634F4}.Release|Any CPU.ActiveCfg = Release|Any CPU
		{BBB17950-0E85-4EC0-89A0-FF9D646634F4}.Release|Any CPU.Build.0 = Release|Any CPU
		{BBB17950-0E85-4EC0-89A0-FF9D646634F4}.Release|ARM.ActiveCfg = Release|Any CPU
		{BBB17950-0E85-4EC0-89A0-FF9D646634F4}.Release|ARM.Build.0 = Release|Any CPU
		{BBB17950-0E85-4EC0-89A0-FF9D646634F4}.Release|x64.ActiveCfg = Release|Any CPU
		{BBB17950-0E85-4EC0-89A0-FF9D646634F4}.Release|x64.Build.0 = Release|Any CPU
		{BBB17950-0E85-4EC0-89A0-FF9D646634F4}.Release|x86.ActiveCfg = Release|Any CPU
		{BBB17950-0E85-4EC0-89A0-FF9D646634F4}.Release|x86.Build.0 = Release|Any CPU
		{9588A76E-8D03-4FAD-84D1-A2971F8CF0FF}.Debug|Any CPU.ActiveCfg = Debug|Any CPU
		{9588A76E-8D03-4FAD-84D1-A2971F8CF0FF}.Debug|Any CPU.Build.0 = Debug|Any CPU
		{9588A76E-8D03-4FAD-84D1-A2971F8CF0FF}.Debug|ARM.ActiveCfg = Debug|Any CPU
		{9588A76E-8D03-4FAD-84D1-A2971F8CF0FF}.Debug|ARM.Build.0 = Debug|Any CPU
		{9588A76E-8D03-4FAD-84D1-A2971F8CF0FF}.Debug|x64.ActiveCfg = Debug|Any CPU
		{9588A76E-8D03-4FAD-84D1-A2971F8CF0FF}.Debug|x64.Build.0 = Debug|Any CPU
		{9588A76E-8D03-4FAD-84D1-A2971F8CF0FF}.Debug|x86.ActiveCfg = Debug|Any CPU
		{9588A76E-8D03-4FAD-84D1-A2971F8CF0FF}.Debug|x86.Build.0 = Debug|Any CPU
		{9588A76E-8D03-4FAD-84D1-A2971F8CF0FF}.Release|Any CPU.ActiveCfg = Release|Any CPU
		{9588A76E-8D03-4FAD-84D1-A2971F8CF0FF}.Release|Any CPU.Build.0 = Release|Any CPU
		{9588A76E-8D03-4FAD-84D1-A2971F8CF0FF}.Release|ARM.ActiveCfg = Release|Any CPU
		{9588A76E-8D03-4FAD-84D1-A2971F8CF0FF}.Release|ARM.Build.0 = Release|Any CPU
		{9588A76E-8D03-4FAD-84D1-A2971F8CF0FF}.Release|x64.ActiveCfg = Release|Any CPU
		{9588A76E-8D03-4FAD-84D1-A2971F8CF0FF}.Release|x64.Build.0 = Release|Any CPU
		{9588A76E-8D03-4FAD-84D1-A2971F8CF0FF}.Release|x86.ActiveCfg = Release|Any CPU
		{9588A76E-8D03-4FAD-84D1-A2971F8CF0FF}.Release|x86.Build.0 = Release|Any CPU
		{FBD1EB97-9AEB-4A1D-9C81-D731EEC7F417}.Debug|Any CPU.ActiveCfg = Debug|Any CPU
		{FBD1EB97-9AEB-4A1D-9C81-D731EEC7F417}.Debug|Any CPU.Build.0 = Debug|Any CPU
		{FBD1EB97-9AEB-4A1D-9C81-D731EEC7F417}.Debug|ARM.ActiveCfg = Debug|Any CPU
		{FBD1EB97-9AEB-4A1D-9C81-D731EEC7F417}.Debug|ARM.Build.0 = Debug|Any CPU
		{FBD1EB97-9AEB-4A1D-9C81-D731EEC7F417}.Debug|x64.ActiveCfg = Debug|Any CPU
		{FBD1EB97-9AEB-4A1D-9C81-D731EEC7F417}.Debug|x64.Build.0 = Debug|Any CPU
		{FBD1EB97-9AEB-4A1D-9C81-D731EEC7F417}.Debug|x86.ActiveCfg = Debug|Any CPU
		{FBD1EB97-9AEB-4A1D-9C81-D731EEC7F417}.Debug|x86.Build.0 = Debug|Any CPU
		{FBD1EB97-9AEB-4A1D-9C81-D731EEC7F417}.Release|Any CPU.ActiveCfg = Release|Any CPU
		{FBD1EB97-9AEB-4A1D-9C81-D731EEC7F417}.Release|Any CPU.Build.0 = Release|Any CPU
		{FBD1EB97-9AEB-4A1D-9C81-D731EEC7F417}.Release|ARM.ActiveCfg = Release|Any CPU
		{FBD1EB97-9AEB-4A1D-9C81-D731EEC7F417}.Release|ARM.Build.0 = Release|Any CPU
		{FBD1EB97-9AEB-4A1D-9C81-D731EEC7F417}.Release|x64.ActiveCfg = Release|Any CPU
		{FBD1EB97-9AEB-4A1D-9C81-D731EEC7F417}.Release|x64.Build.0 = Release|Any CPU
		{FBD1EB97-9AEB-4A1D-9C81-D731EEC7F417}.Release|x86.ActiveCfg = Release|Any CPU
		{FBD1EB97-9AEB-4A1D-9C81-D731EEC7F417}.Release|x86.Build.0 = Release|Any CPU
		{B7B7D6E1-5CEB-4FDA-96BE-9DE29E960112}.Debug|Any CPU.ActiveCfg = Debug|Any CPU
		{B7B7D6E1-5CEB-4FDA-96BE-9DE29E960112}.Debug|Any CPU.Build.0 = Debug|Any CPU
		{B7B7D6E1-5CEB-4FDA-96BE-9DE29E960112}.Debug|ARM.ActiveCfg = Debug|Any CPU
		{B7B7D6E1-5CEB-4FDA-96BE-9DE29E960112}.Debug|ARM.Build.0 = Debug|Any CPU
		{B7B7D6E1-5CEB-4FDA-96BE-9DE29E960112}.Debug|x64.ActiveCfg = Debug|Any CPU
		{B7B7D6E1-5CEB-4FDA-96BE-9DE29E960112}.Debug|x64.Build.0 = Debug|Any CPU
		{B7B7D6E1-5CEB-4FDA-96BE-9DE29E960112}.Debug|x86.ActiveCfg = Debug|Any CPU
		{B7B7D6E1-5CEB-4FDA-96BE-9DE29E960112}.Debug|x86.Build.0 = Debug|Any CPU
		{B7B7D6E1-5CEB-4FDA-96BE-9DE29E960112}.Release|Any CPU.ActiveCfg = Release|Any CPU
		{B7B7D6E1-5CEB-4FDA-96BE-9DE29E960112}.Release|Any CPU.Build.0 = Release|Any CPU
		{B7B7D6E1-5CEB-4FDA-96BE-9DE29E960112}.Release|ARM.ActiveCfg = Release|Any CPU
		{B7B7D6E1-5CEB-4FDA-96BE-9DE29E960112}.Release|ARM.Build.0 = Release|Any CPU
		{B7B7D6E1-5CEB-4FDA-96BE-9DE29E960112}.Release|x64.ActiveCfg = Release|Any CPU
		{B7B7D6E1-5CEB-4FDA-96BE-9DE29E960112}.Release|x64.Build.0 = Release|Any CPU
		{B7B7D6E1-5CEB-4FDA-96BE-9DE29E960112}.Release|x86.ActiveCfg = Release|Any CPU
		{B7B7D6E1-5CEB-4FDA-96BE-9DE29E960112}.Release|x86.Build.0 = Release|Any CPU
		{53E6A211-9D65-4464-AE03-86F268E25F03}.Debug|Any CPU.ActiveCfg = Debug|Any CPU
		{53E6A211-9D65-4464-AE03-86F268E25F03}.Debug|Any CPU.Build.0 = Debug|Any CPU
		{53E6A211-9D65-4464-AE03-86F268E25F03}.Debug|ARM.ActiveCfg = Debug|Any CPU
		{53E6A211-9D65-4464-AE03-86F268E25F03}.Debug|ARM.Build.0 = Debug|Any CPU
		{53E6A211-9D65-4464-AE03-86F268E25F03}.Debug|x64.ActiveCfg = Debug|Any CPU
		{53E6A211-9D65-4464-AE03-86F268E25F03}.Debug|x64.Build.0 = Debug|Any CPU
		{53E6A211-9D65-4464-AE03-86F268E25F03}.Debug|x86.ActiveCfg = Debug|Any CPU
		{53E6A211-9D65-4464-AE03-86F268E25F03}.Debug|x86.Build.0 = Debug|Any CPU
		{53E6A211-9D65-4464-AE03-86F268E25F03}.Release|Any CPU.ActiveCfg = Release|Any CPU
		{53E6A211-9D65-4464-AE03-86F268E25F03}.Release|Any CPU.Build.0 = Release|Any CPU
		{53E6A211-9D65-4464-AE03-86F268E25F03}.Release|ARM.ActiveCfg = Release|Any CPU
		{53E6A211-9D65-4464-AE03-86F268E25F03}.Release|ARM.Build.0 = Release|Any CPU
		{53E6A211-9D65-4464-AE03-86F268E25F03}.Release|x64.ActiveCfg = Release|Any CPU
		{53E6A211-9D65-4464-AE03-86F268E25F03}.Release|x64.Build.0 = Release|Any CPU
		{53E6A211-9D65-4464-AE03-86F268E25F03}.Release|x86.ActiveCfg = Release|Any CPU
		{53E6A211-9D65-4464-AE03-86F268E25F03}.Release|x86.Build.0 = Release|Any CPU
		{3B8BB6A3-E9B9-45A2-9038-626E9419AA6D}.Debug|Any CPU.ActiveCfg = Debug|Any CPU
		{3B8BB6A3-E9B9-45A2-9038-626E9419AA6D}.Debug|Any CPU.Build.0 = Debug|Any CPU
		{3B8BB6A3-E9B9-45A2-9038-626E9419AA6D}.Debug|ARM.ActiveCfg = Debug|Any CPU
		{3B8BB6A3-E9B9-45A2-9038-626E9419AA6D}.Debug|ARM.Build.0 = Debug|Any CPU
		{3B8BB6A3-E9B9-45A2-9038-626E9419AA6D}.Debug|x64.ActiveCfg = Debug|Any CPU
		{3B8BB6A3-E9B9-45A2-9038-626E9419AA6D}.Debug|x64.Build.0 = Debug|Any CPU
		{3B8BB6A3-E9B9-45A2-9038-626E9419AA6D}.Debug|x86.ActiveCfg = Debug|Any CPU
		{3B8BB6A3-E9B9-45A2-9038-626E9419AA6D}.Debug|x86.Build.0 = Debug|Any CPU
		{3B8BB6A3-E9B9-45A2-9038-626E9419AA6D}.Release|Any CPU.ActiveCfg = Release|Any CPU
		{3B8BB6A3-E9B9-45A2-9038-626E9419AA6D}.Release|Any CPU.Build.0 = Release|Any CPU
		{3B8BB6A3-E9B9-45A2-9038-626E9419AA6D}.Release|ARM.ActiveCfg = Release|Any CPU
		{3B8BB6A3-E9B9-45A2-9038-626E9419AA6D}.Release|ARM.Build.0 = Release|Any CPU
		{3B8BB6A3-E9B9-45A2-9038-626E9419AA6D}.Release|x64.ActiveCfg = Release|Any CPU
		{3B8BB6A3-E9B9-45A2-9038-626E9419AA6D}.Release|x64.Build.0 = Release|Any CPU
		{3B8BB6A3-E9B9-45A2-9038-626E9419AA6D}.Release|x86.ActiveCfg = Release|Any CPU
		{3B8BB6A3-E9B9-45A2-9038-626E9419AA6D}.Release|x86.Build.0 = Release|Any CPU
	EndGlobalSection
	GlobalSection(SolutionProperties) = preSolution
		HideSolutionNode = FALSE
	EndGlobalSection
	GlobalSection(NestedProjects) = preSolution
		{96ED32CB-4EC9-451C-ACBF-0BF7F498B504} = {FEAFCE06-C4F6-4974-92C3-442F238D5F6E}
		{EE8BEC63-92CC-49A1-B707-7BA551F54A17} = {FEAFCE06-C4F6-4974-92C3-442F238D5F6E}
		{1C15F8E6-0614-4ABC-BE5C-55F6BDE76136} = {C546DFE8-29B7-45C6-AAC2-FD8AC04869FA}
		{663924B1-A4E5-4407-BFFE-D6DB3CEF2BC0} = {C546DFE8-29B7-45C6-AAC2-FD8AC04869FA}
		{373DCE9C-C5D1-41BF-BBB2-A237EAB2D6B1} = {C546DFE8-29B7-45C6-AAC2-FD8AC04869FA}
		{BBB17950-0E85-4EC0-89A0-FF9D646634F4} = {874377ED-245B-4D7E-BD1D-0643474FA1BA}
		{9588A76E-8D03-4FAD-84D1-A2971F8CF0FF} = {874377ED-245B-4D7E-BD1D-0643474FA1BA}
		{FBD1EB97-9AEB-4A1D-9C81-D731EEC7F417} = {C546DFE8-29B7-45C6-AAC2-FD8AC04869FA}
		{B7B7D6E1-5CEB-4FDA-96BE-9DE29E960112} = {28F9570F-FA4E-485E-94B3-EBB148C1B4D7}
		{53E6A211-9D65-4464-AE03-86F268E25F03} = {28F9570F-FA4E-485E-94B3-EBB148C1B4D7}
		{3B8BB6A3-E9B9-45A2-9038-626E9419AA6D} = {874377ED-245B-4D7E-BD1D-0643474FA1BA}
	EndGlobalSection
	GlobalSection(ExtensibilityGlobals) = postSolution
		EnterpriseLibraryConfigurationToolBinariesPath = packages\EnterpriseLibrary.Data.5.0.505.0\lib\NET35;packages\Unity.2.1.505.0\lib\NET35;packages\Unity.Interception.2.1.505.0\lib\NET35;packages\EnterpriseLibrary.Common.5.0.505.0\lib\NET35
		SolutionGuid = {83172FB0-8BC5-4DB0-8975-9685B03646BC}
	EndGlobalSection
EndGlobal
